{
  "version": 4,
  "terraform_version": "1.6.0",
  "serial": 6,
  "lineage": "74600a06-edb3-f877-5c8b-0db35f019ef2",
  "outputs": {},
  "resources": [
    {
      "mode": "managed",
      "type": "azurerm_app_service_source_control",
      "name": "example",
      "provider": "provider[\"registry.terraform.io/hashicorp/azurerm\"]",
      "instances": [
        {
          "schema_version": 0,
          "attributes": {
            "app_id": "/subscriptions/69a98d85-1e8f-4f43-9322-2dfb0a682899/resourceGroups/cookBook91319/providers/Microsoft.Web/sites/cook-book-91319",
            "branch": "master",
            "github_action_configuration": [],
            "id": "/subscriptions/69a98d85-1e8f-4f43-9322-2dfb0a682899/resourceGroups/cookBook91319/providers/Microsoft.Web/sites/cook-book-91319",
            "repo_url": "https://github.com/nakov/ContactBook",
            "rollback_enabled": false,
            "scm_type": "ExternalGit",
            "timeouts": null,
            "use_local_git": false,
            "use_manual_integration": true,
            "use_mercurial": false,
            "uses_github_action": false
          },
          "sensitive_attributes": [],
          "private": "eyJlMmJmYjczMC1lY2FhLTExZTYtOGY4OC0zNDM2M2JjN2M0YzAiOnsiY3JlYXRlIjoxODAwMDAwMDAwMDAwLCJkZWxldGUiOjE4MDAwMDAwMDAwMDAsInJlYWQiOjMwMDAwMDAwMDAwMH19",
          "dependencies": [
            "azurerm_linux_web_app.linuxWebApp",
            "azurerm_resource_group.rg",
            "azurerm_service_plan.servicePlan",
            "random_integer.ri"
          ]
        }
      ]
    },
    {
      "mode": "managed",
      "type": "azurerm_linux_web_app",
      "name": "linuxWebApp",
      "provider": "provider[\"registry.terraform.io/hashicorp/azurerm\"]",
      "instances": [
        {
          "schema_version": 0,
          "attributes": {
            "app_settings": null,
            "auth_settings": [
              {
                "active_directory": [],
                "additional_login_parameters": {},
                "allowed_external_redirect_urls": [],
                "default_provider": "",
                "enabled": false,
                "facebook": [],
                "github": [],
                "google": [],
                "issuer": "",
                "microsoft": [],
                "runtime_version": "",
                "token_refresh_extension_hours": 0,
                "token_store_enabled": false,
                "twitter": [],
                "unauthenticated_client_action": ""
              }
            ],
            "backup": [],
            "client_affinity_enabled": false,
            "client_certificate_enabled": false,
            "client_certificate_mode": "Required",
            "connection_string": [],
            "custom_domain_verification_id": "CC346DAFE12F94801B79D7946509EEE6B99133D73F03FE5F7DDEDA92B3F980C4",
            "default_hostname": "cook-book-91319.azurewebsites.net",
            "enabled": true,
            "https_only": false,
            "id": "/subscriptions/69a98d85-1e8f-4f43-9322-2dfb0a682899/resourceGroups/cookBook91319/providers/Microsoft.Web/sites/cook-book-91319",
            "identity": [],
            "key_vault_reference_identity_id": "SystemAssigned",
            "kind": "app,linux",
            "location": "westeurope",
            "logs": [],
            "name": "cook-book-91319",
            "outbound_ip_address_list": [
              "20.56.186.216",
              "20.56.186.224",
              "20.56.186.226",
              "20.56.187.2",
              "51.138.92.37",
              "20.56.187.90",
              "20.50.2.85"
            ],
            "outbound_ip_addresses": "20.56.186.216,20.56.186.224,20.56.186.226,20.56.187.2,51.138.92.37,20.56.187.90,20.50.2.85",
            "possible_outbound_ip_address_list": [
              "20.56.186.216",
              "20.56.186.224",
              "20.56.186.226",
              "20.56.187.2",
              "51.138.92.37",
              "20.56.187.90",
              "20.56.187.115",
              "20.56.187.132",
              "20.56.187.138",
              "20.56.187.175",
              "20.56.187.185",
              "20.56.187.217",
              "20.56.187.224",
              "20.56.187.242",
              "20.56.188.27",
              "20.56.188.28",
              "51.124.6.36",
              "20.56.188.71",
              "20.54.218.67",
              "20.54.218.120",
              "20.54.218.194",
              "20.54.220.208",
              "20.54.221.15",
              "20.54.221.93",
              "20.50.2.85"
            ],
            "possible_outbound_ip_addresses": "20.56.186.216,20.56.186.224,20.56.186.226,20.56.187.2,51.138.92.37,20.56.187.90,20.56.187.115,20.56.187.132,20.56.187.138,20.56.187.175,20.56.187.185,20.56.187.217,20.56.187.224,20.56.187.242,20.56.188.27,20.56.188.28,51.124.6.36,20.56.188.71,20.54.218.67,20.54.218.120,20.54.218.194,20.54.220.208,20.54.221.15,20.54.221.93,20.50.2.85",
            "resource_group_name": "cookBook91319",
            "service_plan_id": "/subscriptions/69a98d85-1e8f-4f43-9322-2dfb0a682899/resourceGroups/cookBook91319/providers/Microsoft.Web/serverfarms/cook-book-91319",
            "site_config": [
              {
                "always_on": false,
                "api_definition_url": "",
                "api_management_api_id": "",
                "app_command_line": "",
                "application_stack": [
                  {
                    "docker_image": "",
                    "docker_image_tag": "",
                    "dotnet_version": "",
                    "java_server": "",
                    "java_server_version": "",
                    "java_version": "",
                    "node_version": "16-lts",
                    "php_version": "",
                    "python_version": "",
                    "ruby_version": ""
                  }
                ],
                "auto_heal_enabled": false,
                "auto_heal_setting": [],
                "container_registry_managed_identity_client_id": "",
                "container_registry_use_managed_identity": false,
                "cors": [],
                "default_documents": [
                  "Default.htm",
                  "Default.html",
                  "Default.asp",
                  "index.htm",
                  "index.html",
                  "iisstart.htm",
                  "default.aspx",
                  "index.php",
                  "hostingstart.html"
                ],
                "detailed_error_logging_enabled": false,
                "ftps_state": "Disabled",
                "health_check_eviction_time_in_min": 0,
                "health_check_path": "",
                "http2_enabled": false,
                "ip_restriction": [],
                "linux_fx_version": "NODE|16-lts",
                "load_balancing_mode": "LeastRequests",
                "local_mysql_enabled": false,
                "managed_pipeline_mode": "Integrated",
                "minimum_tls_version": "1.2",
                "remote_debugging_enabled": false,
                "remote_debugging_version": "VS2019",
                "scm_ip_restriction": [],
                "scm_minimum_tls_version": "1.2",
                "scm_type": "None",
                "scm_use_main_ip_restriction": false,
                "use_32_bit_worker": true,
                "vnet_route_all_enabled": false,
                "websockets_enabled": false,
                "worker_count": 1
              }
            ],
            "site_credential": [
              {
                "name": "$cook-book-91319",
                "password": "ZijpNXz039gmxnyb7t03vtwfkZcQolynoCWjfbdM2r2cN8biWxQTj8B7cqfe"
              }
            ],
            "storage_account": [],
            "tags": null,
            "timeouts": null
          },
          "sensitive_attributes": [],
          "private": "eyJlMmJmYjczMC1lY2FhLTExZTYtOGY4OC0zNDM2M2JjN2M0YzAiOnsiY3JlYXRlIjoxODAwMDAwMDAwMDAwLCJkZWxldGUiOjE4MDAwMDAwMDAwMDAsInJlYWQiOjMwMDAwMDAwMDAwMCwidXBkYXRlIjoxODAwMDAwMDAwMDAwfX0=",
          "dependencies": [
            "azurerm_resource_group.rg",
            "azurerm_service_plan.servicePlan",
            "random_integer.ri"
          ]
        }
      ]
    },
    {
      "mode": "managed",
      "type": "azurerm_resource_group",
      "name": "rg",
      "provider": "provider[\"registry.terraform.io/hashicorp/azurerm\"]",
      "instances": [
        {
          "schema_version": 0,
          "attributes": {
            "id": "/subscriptions/69a98d85-1e8f-4f43-9322-2dfb0a682899/resourceGroups/cookBook91319",
            "location": "westeurope",
            "name": "cookBook91319",
            "tags": null,
            "timeouts": null
          },
          "sensitive_attributes": [],
          "private": "eyJlMmJmYjczMC1lY2FhLTExZTYtOGY4OC0zNDM2M2JjN2M0YzAiOnsiY3JlYXRlIjo1NDAwMDAwMDAwMDAwLCJkZWxldGUiOjU0MDAwMDAwMDAwMDAsInJlYWQiOjMwMDAwMDAwMDAwMCwidXBkYXRlIjo1NDAwMDAwMDAwMDAwfX0=",
          "dependencies": [
            "random_integer.ri"
          ]
        }
      ]
    },
    {
      "mode": "managed",
      "type": "azurerm_service_plan",
      "name": "servicePlan",
      "provider": "provider[\"registry.terraform.io/hashicorp/azurerm\"]",
      "instances": [
        {
          "schema_version": 0,
          "attributes": {
            "app_service_environment_id": "",
            "id": "/subscriptions/69a98d85-1e8f-4f43-9322-2dfb0a682899/resourceGroups/cookBook91319/providers/Microsoft.Web/serverfarms/cook-book-91319",
            "kind": "linux",
            "location": "westeurope",
            "maximum_elastic_worker_count": 1,
            "name": "cook-book-91319",
            "os_type": "Linux",
            "per_site_scaling_enabled": false,
            "reserved": true,
            "resource_group_name": "cookBook91319",
            "sku_name": "F1",
            "tags": null,
            "timeouts": null,
            "worker_count": 1
          },
          "sensitive_attributes": [],
          "private": "eyJlMmJmYjczMC1lY2FhLTExZTYtOGY4OC0zNDM2M2JjN2M0YzAiOnsiY3JlYXRlIjozNjAwMDAwMDAwMDAwLCJkZWxldGUiOjM2MDAwMDAwMDAwMDAsInJlYWQiOjMwMDAwMDAwMDAwMCwidXBkYXRlIjozNjAwMDAwMDAwMDAwfX0=",
          "dependencies": [
            "azurerm_resource_group.rg",
            "random_integer.ri"
          ]
        }
      ]
    },
    {
      "mode": "managed",
      "type": "random_integer",
      "name": "ri",
      "provider": "provider[\"registry.terraform.io/hashicorp/random\"]",
      "instances": [
        {
          "schema_version": 0,
          "attributes": {
            "id": "91319",
            "keepers": null,
            "max": 99999,
            "min": 10000,
            "result": 91319,
            "seed": null
          },
          "sensitive_attributes": []
        }
      ]
    }
  ],
  "check_results": null
}
