{
  "version": 4,
  "terraform_version": "1.6.0",
  "serial": 25,
  "lineage": "dc0421ec-9793-9dbc-752e-645a85f39f5e",
  "outputs": {
    "webapp_ips": {
      "value": "4.207.80.64,4.207.80.91,4.207.80.98,4.207.80.111,4.207.80.113,4.207.80.123,20.105.118.180,20.105.118.191,20.105.118.219,20.105.119.42,20.105.119.57,20.105.119.92,20.107.224.52",
      "type": "string"
    },
    "webapp_url": {
      "value": "task-board51964.azurewebsites.net",
      "type": "string"
    }
  },
  "resources": [
    {
      "mode": "managed",
      "type": "azurerm_app_service_source_control",
      "name": "example",
      "provider": "provider[\"registry.terraform.io/hashicorp/azurerm\"]",
      "instances": [
        {
          "schema_version": 0,
          "attributes": {
            "app_id": "/subscriptions/69a98d85-1e8f-4f43-9322-2dfb0a682899/resourceGroups/TaskBoardRG51964/providers/Microsoft.Web/sites/task-board51964",
            "branch": "main",
            "github_action_configuration": [],
            "id": "/subscriptions/69a98d85-1e8f-4f43-9322-2dfb0a682899/resourceGroups/TaskBoardRG51964/providers/Microsoft.Web/sites/task-board51964",
            "repo_url": "https://github.com/renetaBoneva/todoapp",
            "rollback_enabled": false,
            "scm_type": "ExternalGit",
            "timeouts": null,
            "use_local_git": false,
            "use_manual_integration": true,
            "use_mercurial": false,
            "uses_github_action": false
          },
          "sensitive_attributes": [],
          "private": "eyJlMmJmYjczMC1lY2FhLTExZTYtOGY4OC0zNDM2M2JjN2M0YzAiOnsiY3JlYXRlIjoxODAwMDAwMDAwMDAwLCJkZWxldGUiOjE4MDAwMDAwMDAwMDAsInJlYWQiOjMwMDAwMDAwMDAwMH19",
          "dependencies": [
            "azurerm_linux_web_app.linuxWebApp",
            "azurerm_mssql_database.database",
            "azurerm_mssql_server.dbServer",
            "azurerm_resource_group.rg",
            "azurerm_service_plan.servicePlan",
            "random_integer.ri"
          ]
        }
      ]
    },
    {
      "mode": "managed",
      "type": "azurerm_linux_web_app",
      "name": "linuxWebApp",
      "provider": "provider[\"registry.terraform.io/hashicorp/azurerm\"]",
      "instances": [
        {
          "schema_version": 0,
          "attributes": {
            "app_settings": null,
            "auth_settings": [
              {
                "active_directory": [],
                "additional_login_parameters": {},
                "allowed_external_redirect_urls": [],
                "default_provider": "",
                "enabled": false,
                "facebook": [],
                "github": [],
                "google": [],
                "issuer": "",
                "microsoft": [],
                "runtime_version": "",
                "token_refresh_extension_hours": 0,
                "token_store_enabled": false,
                "twitter": [],
                "unauthenticated_client_action": ""
              }
            ],
            "backup": [],
            "client_affinity_enabled": false,
            "client_certificate_enabled": false,
            "client_certificate_mode": "Required",
            "connection_string": [
              {
                "name": "DefaultConnection",
                "type": "SQLAzure",
                "value": "Data Source=tcp:task-board-sql51964.database.windows.net,1433;Initial Catalog=TaskBoardDB51964;User ID=missadministrator;Password=thisIsKat11;Trusted_Connection=False; MultipleActiveResultSets=True;"
              }
            ],
            "custom_domain_verification_id": "CC346DAFE12F94801B79D7946509EEE6B99133D73F03FE5F7DDEDA92B3F980C4",
            "default_hostname": "task-board51964.azurewebsites.net",
            "enabled": true,
            "https_only": false,
            "id": "/subscriptions/69a98d85-1e8f-4f43-9322-2dfb0a682899/resourceGroups/TaskBoardRG51964/providers/Microsoft.Web/sites/task-board51964",
            "identity": [],
            "key_vault_reference_identity_id": "SystemAssigned",
            "kind": "app,linux",
            "location": "northeurope",
            "logs": [],
            "name": "task-board51964",
            "outbound_ip_address_list": [
              "4.207.80.64",
              "4.207.80.91",
              "4.207.80.98",
              "4.207.80.111",
              "4.207.80.113",
              "4.207.80.123",
              "20.105.118.180",
              "20.105.118.191",
              "20.105.118.219",
              "20.105.119.42",
              "20.105.119.57",
              "20.105.119.92",
              "20.107.224.52"
            ],
            "outbound_ip_addresses": "4.207.80.64,4.207.80.91,4.207.80.98,4.207.80.111,4.207.80.113,4.207.80.123,20.105.118.180,20.105.118.191,20.105.118.219,20.105.119.42,20.105.119.57,20.105.119.92,20.107.224.52",
            "possible_outbound_ip_address_list": [
              "4.207.80.64",
              "4.207.80.91",
              "4.207.80.98",
              "4.207.80.111",
              "4.207.80.113",
              "4.207.80.123",
              "20.105.118.180",
              "20.105.118.191",
              "20.105.118.219",
              "20.105.119.42",
              "20.105.119.57",
              "20.105.119.92",
              "20.105.119.121",
              "20.105.119.144",
              "20.105.119.213",
              "20.105.119.229",
              "20.105.119.232",
              "20.105.119.249",
              "20.105.119.250",
              "20.105.119.254",
              "4.207.80.33",
              "4.207.80.36",
              "4.207.80.52",
              "4.207.80.54",
              "4.207.80.64",
              "4.207.80.91",
              "4.207.80.98",
              "4.207.80.111",
              "4.207.80.113",
              "4.207.80.123",
              "4.207.80.124",
              "4.207.80.157",
              "4.207.80.159",
              "4.207.80.162",
              "4.207.80.166",
              "4.207.80.196",
              "20.107.224.52"
            ],
            "possible_outbound_ip_addresses": "4.207.80.64,4.207.80.91,4.207.80.98,4.207.80.111,4.207.80.113,4.207.80.123,20.105.118.180,20.105.118.191,20.105.118.219,20.105.119.42,20.105.119.57,20.105.119.92,20.105.119.121,20.105.119.144,20.105.119.213,20.105.119.229,20.105.119.232,20.105.119.249,20.105.119.250,20.105.119.254,4.207.80.33,4.207.80.36,4.207.80.52,4.207.80.54,4.207.80.64,4.207.80.91,4.207.80.98,4.207.80.111,4.207.80.113,4.207.80.123,4.207.80.124,4.207.80.157,4.207.80.159,4.207.80.162,4.207.80.166,4.207.80.196,20.107.224.52",
            "resource_group_name": "TaskBoardRG51964",
            "service_plan_id": "/subscriptions/69a98d85-1e8f-4f43-9322-2dfb0a682899/resourceGroups/TaskBoardRG51964/providers/Microsoft.Web/serverfarms/task-board-plan51964",
            "site_config": [
              {
                "always_on": false,
                "api_definition_url": "",
                "api_management_api_id": "",
                "app_command_line": "",
                "application_stack": [
                  {
                    "docker_image": "",
                    "docker_image_tag": "",
                    "dotnet_version": "6.0",
                    "java_server": "",
                    "java_server_version": "",
                    "java_version": "",
                    "node_version": "",
                    "php_version": "",
                    "python_version": "",
                    "ruby_version": ""
                  }
                ],
                "auto_heal_enabled": false,
                "auto_heal_setting": [],
                "container_registry_managed_identity_client_id": "",
                "container_registry_use_managed_identity": false,
                "cors": [],
                "default_documents": [
                  "Default.htm",
                  "Default.html",
                  "Default.asp",
                  "index.htm",
                  "index.html",
                  "iisstart.htm",
                  "default.aspx",
                  "index.php",
                  "hostingstart.html"
                ],
                "detailed_error_logging_enabled": false,
                "ftps_state": "Disabled",
                "health_check_eviction_time_in_min": 0,
                "health_check_path": "",
                "http2_enabled": false,
                "ip_restriction": [],
                "linux_fx_version": "DOTNETCORE|6.0",
                "load_balancing_mode": "LeastRequests",
                "local_mysql_enabled": false,
                "managed_pipeline_mode": "Integrated",
                "minimum_tls_version": "1.2",
                "remote_debugging_enabled": false,
                "remote_debugging_version": "VS2019",
                "scm_ip_restriction": [],
                "scm_minimum_tls_version": "1.2",
                "scm_type": "None",
                "scm_use_main_ip_restriction": false,
                "use_32_bit_worker": true,
                "vnet_route_all_enabled": false,
                "websockets_enabled": false,
                "worker_count": 1
              }
            ],
            "site_credential": [
              {
                "name": "$task-board51964",
                "password": "mDb2yelbblDSlcQN3thifvs3hp0nG0Wb5SRcvowtol0n0AQsh3haWr36rfEq"
              }
            ],
            "storage_account": [],
            "tags": null,
            "timeouts": null
          },
          "sensitive_attributes": [
            [
              {
                "type": "get_attr",
                "value": "connection_string"
              }
            ]
          ],
          "private": "eyJlMmJmYjczMC1lY2FhLTExZTYtOGY4OC0zNDM2M2JjN2M0YzAiOnsiY3JlYXRlIjoxODAwMDAwMDAwMDAwLCJkZWxldGUiOjE4MDAwMDAwMDAwMDAsInJlYWQiOjMwMDAwMDAwMDAwMCwidXBkYXRlIjoxODAwMDAwMDAwMDAwfX0=",
          "dependencies": [
            "azurerm_mssql_database.database",
            "azurerm_mssql_server.dbServer",
            "azurerm_resource_group.rg",
            "azurerm_service_plan.servicePlan",
            "random_integer.ri"
          ]
        }
      ]
    },
    {
      "mode": "managed",
      "type": "azurerm_mssql_database",
      "name": "database",
      "provider": "provider[\"registry.terraform.io/hashicorp/azurerm\"]",
      "instances": [
        {
          "schema_version": 1,
          "attributes": {
            "auto_pause_delay_in_minutes": 0,
            "collation": "SQL_Latin1_General_CP1_CI_AS",
            "create_mode": "Default",
            "creation_source_database_id": null,
            "elastic_pool_id": "",
            "geo_backup_enabled": true,
            "id": "/subscriptions/69a98d85-1e8f-4f43-9322-2dfb0a682899/resourceGroups/TaskBoardRG51964/providers/Microsoft.Sql/servers/task-board-sql51964/databases/TaskBoardDB51964",
            "license_type": "",
            "long_term_retention_policy": [
              {
                "monthly_retention": "PT0S",
                "week_of_year": 0,
                "weekly_retention": "PT0S",
                "yearly_retention": "PT0S"
              }
            ],
            "max_size_gb": 2,
            "min_capacity": 0,
            "name": "TaskBoardDB51964",
            "read_replica_count": 0,
            "read_scale": false,
            "recover_database_id": null,
            "restore_dropped_database_id": null,
            "restore_point_in_time": null,
            "sample_name": null,
            "server_id": "/subscriptions/69a98d85-1e8f-4f43-9322-2dfb0a682899/resourceGroups/TaskBoardRG51964/providers/Microsoft.Sql/servers/task-board-sql51964",
            "short_term_retention_policy": [
              {
                "retention_days": 7
              }
            ],
            "sku_name": "S0",
            "storage_account_type": "Geo",
            "tags": null,
            "threat_detection_policy": [
              {
                "disabled_alerts": [],
                "email_account_admins": "Disabled",
                "email_addresses": [],
                "retention_days": 0,
                "state": "Disabled",
                "storage_account_access_key": "",
                "storage_endpoint": ""
              }
            ],
            "timeouts": null,
            "transparent_data_encryption_enabled": true,
            "zone_redundant": false
          },
          "sensitive_attributes": [],
          "private": "eyJlMmJmYjczMC1lY2FhLTExZTYtOGY4OC0zNDM2M2JjN2M0YzAiOnsiY3JlYXRlIjozNjAwMDAwMDAwMDAwLCJkZWxldGUiOjM2MDAwMDAwMDAwMDAsInJlYWQiOjMwMDAwMDAwMDAwMCwidXBkYXRlIjozNjAwMDAwMDAwMDAwfSwic2NoZW1hX3ZlcnNpb24iOiIxIn0=",
          "dependencies": [
            "azurerm_mssql_server.dbServer",
            "azurerm_resource_group.rg",
            "random_integer.ri"
          ]
        }
      ]
    },
    {
      "mode": "managed",
      "type": "azurerm_mssql_firewall_rule",
      "name": "firewall",
      "provider": "provider[\"registry.terraform.io/hashicorp/azurerm\"]",
      "instances": [
        {
          "schema_version": 0,
          "attributes": {
            "end_ip_address": "0.0.0.0",
            "id": "/subscriptions/69a98d85-1e8f-4f43-9322-2dfb0a682899/resourceGroups/TaskBoardRG51964/providers/Microsoft.Sql/servers/task-board-sql51964/firewallRules/TaskBoardFirewallRule51964",
            "name": "TaskBoardFirewallRule51964",
            "server_id": "/subscriptions/69a98d85-1e8f-4f43-9322-2dfb0a682899/resourceGroups/TaskBoardRG51964/providers/Microsoft.Sql/servers/task-board-sql51964",
            "start_ip_address": "0.0.0.0",
            "timeouts": null
          },
          "sensitive_attributes": [],
          "private": "eyJlMmJmYjczMC1lY2FhLTExZTYtOGY4OC0zNDM2M2JjN2M0YzAiOnsiY3JlYXRlIjoxODAwMDAwMDAwMDAwLCJkZWxldGUiOjE4MDAwMDAwMDAwMDAsInJlYWQiOjMwMDAwMDAwMDAwMCwidXBkYXRlIjoxODAwMDAwMDAwMDAwfX0=",
          "dependencies": [
            "azurerm_mssql_server.dbServer",
            "azurerm_resource_group.rg",
            "random_integer.ri"
          ]
        }
      ]
    },
    {
      "mode": "managed",
      "type": "azurerm_mssql_server",
      "name": "dbServer",
      "provider": "provider[\"registry.terraform.io/hashicorp/azurerm\"]",
      "instances": [
        {
          "schema_version": 0,
          "attributes": {
            "administrator_login": "missadministrator",
            "administrator_login_password": "thisIsKat11",
            "azuread_administrator": [],
            "connection_policy": "Default",
            "fully_qualified_domain_name": "task-board-sql51964.database.windows.net",
            "id": "/subscriptions/69a98d85-1e8f-4f43-9322-2dfb0a682899/resourceGroups/TaskBoardRG51964/providers/Microsoft.Sql/servers/task-board-sql51964",
            "identity": [],
            "location": "northeurope",
            "minimum_tls_version": "1.2",
            "name": "task-board-sql51964",
            "outbound_network_restriction_enabled": false,
            "primary_user_assigned_identity_id": "",
            "public_network_access_enabled": true,
            "resource_group_name": "TaskBoardRG51964",
            "restorable_dropped_database_ids": [],
            "tags": null,
            "timeouts": null,
            "version": "12.0"
          },
          "sensitive_attributes": [],
          "private": "eyJlMmJmYjczMC1lY2FhLTExZTYtOGY4OC0zNDM2M2JjN2M0YzAiOnsiY3JlYXRlIjozNjAwMDAwMDAwMDAwLCJkZWxldGUiOjM2MDAwMDAwMDAwMDAsInJlYWQiOjMwMDAwMDAwMDAwMCwidXBkYXRlIjozNjAwMDAwMDAwMDAwfX0=",
          "dependencies": [
            "azurerm_resource_group.rg",
            "random_integer.ri"
          ]
        }
      ]
    },
    {
      "mode": "managed",
      "type": "azurerm_resource_group",
      "name": "rg",
      "provider": "provider[\"registry.terraform.io/hashicorp/azurerm\"]",
      "instances": [
        {
          "schema_version": 0,
          "attributes": {
            "id": "/subscriptions/69a98d85-1e8f-4f43-9322-2dfb0a682899/resourceGroups/TaskBoardRG51964",
            "location": "northeurope",
            "name": "TaskBoardRG51964",
            "tags": null,
            "timeouts": null
          },
          "sensitive_attributes": [],
          "private": "eyJlMmJmYjczMC1lY2FhLTExZTYtOGY4OC0zNDM2M2JjN2M0YzAiOnsiY3JlYXRlIjo1NDAwMDAwMDAwMDAwLCJkZWxldGUiOjU0MDAwMDAwMDAwMDAsInJlYWQiOjMwMDAwMDAwMDAwMCwidXBkYXRlIjo1NDAwMDAwMDAwMDAwfX0=",
          "dependencies": [
            "random_integer.ri"
          ]
        }
      ]
    },
    {
      "mode": "managed",
      "type": "azurerm_service_plan",
      "name": "servicePlan",
      "provider": "provider[\"registry.terraform.io/hashicorp/azurerm\"]",
      "instances": [
        {
          "schema_version": 0,
          "attributes": {
            "app_service_environment_id": "",
            "id": "/subscriptions/69a98d85-1e8f-4f43-9322-2dfb0a682899/resourceGroups/TaskBoardRG51964/providers/Microsoft.Web/serverfarms/task-board-plan51964",
            "kind": "linux",
            "location": "northeurope",
            "maximum_elastic_worker_count": 1,
            "name": "task-board-plan51964",
            "os_type": "Linux",
            "per_site_scaling_enabled": false,
            "reserved": true,
            "resource_group_name": "TaskBoardRG51964",
            "sku_name": "F1",
            "tags": null,
            "timeouts": null,
            "worker_count": 1
          },
          "sensitive_attributes": [],
          "private": "eyJlMmJmYjczMC1lY2FhLTExZTYtOGY4OC0zNDM2M2JjN2M0YzAiOnsiY3JlYXRlIjozNjAwMDAwMDAwMDAwLCJkZWxldGUiOjM2MDAwMDAwMDAwMDAsInJlYWQiOjMwMDAwMDAwMDAwMCwidXBkYXRlIjozNjAwMDAwMDAwMDAwfX0=",
          "dependencies": [
            "azurerm_resource_group.rg",
            "random_integer.ri"
          ]
        }
      ]
    },
    {
      "mode": "managed",
      "type": "random_integer",
      "name": "ri",
      "provider": "provider[\"registry.terraform.io/hashicorp/random\"]",
      "instances": [
        {
          "schema_version": 0,
          "attributes": {
            "id": "51964",
            "keepers": null,
            "max": 99999,
            "min": 10000,
            "result": 51964,
            "seed": null
          },
          "sensitive_attributes": []
        }
      ]
    }
  ],
  "check_results": null
}
